
Microsoft Visual Studio Solution File, Format Version 12.00
# Visual Studio Version 17
VisualStudioVersion = 17.5.33516.290
MinimumVisualStudioVersion = 10.0.40219.1
Project("{9A19103F-16F7-4668-BE54-9A1E7A4F7556}") = "NorthwindBlazor.Server", "Server\NorthwindBlazor.Server.csproj", "{53F47F0F-669B-466A-AC2E-44330C22DC26}"
EndProject
Project("{9A19103F-16F7-4668-BE54-9A1E7A4F7556}") = "NorthwindBlazor.Client", "Client\NorthwindBlazor.Client.csproj", "{0AC07B28-88D7-4D1F-849C-C75E7AF990C4}"
EndProject
Project("{9A19103F-16F7-4668-BE54-9A1E7A4F7556}") = "NorthwindBlazor.Shared", "Shared\NorthwindBlazor.Shared.csproj", "{F1C22522-3C59-426C-B2CB-5FB252C6B9BE}"
EndProject
Global
	GlobalSection(SolutionConfigurationPlatforms) = preSolution
		Debug|Any CPU = Debug|Any CPU
		Release|Any CPU = Release|Any CPU
	EndGlobalSection
	GlobalSection(ProjectConfigurationPlatforms) = postSolution
		{53F47F0F-669B-466A-AC2E-44330C22DC26}.Debug|Any CPU.ActiveCfg = Debug|Any CPU
		{53F47F0F-669B-466A-AC2E-44330C22DC26}.Debug|Any CPU.Build.0 = Debug|Any CPU
		{53F47F0F-669B-466A-AC2E-44330C22DC26}.Release|Any CPU.ActiveCfg = Release|Any CPU
		{53F47F0F-669B-466A-AC2E-44330C22DC26}.Release|Any CPU.Build.0 = Release|Any CPU
		{0AC07B28-88D7-4D1F-849C-C75E7AF990C4}.Debug|Any CPU.ActiveCfg = Debug|Any CPU
		{0AC07B28-88D7-4D1F-849C-C75E7AF990C4}.Debug|Any CPU.Build.0 = Debug|Any CPU
		{0AC07B28-88D7-4D1F-849C-C75E7AF990C4}.Release|Any CPU.ActiveCfg = Release|Any CPU
		{0AC07B28-88D7-4D1F-849C-C75E7AF990C4}.Release|Any CPU.Build.0 = Release|Any CPU
		{F1C22522-3C59-426C-B2CB-5FB252C6B9BE}.Debug|Any CPU.ActiveCfg = Debug|Any CPU
		{F1C22522-3C59-426C-B2CB-5FB252C6B9BE}.Debug|Any CPU.Build.0 = Debug|Any CPU
		{F1C22522-3C59-426C-B2CB-5FB252C6B9BE}.Release|Any CPU.ActiveCfg = Release|Any CPU
		{F1C22522-3C59-426C-B2CB-5FB252C6B9BE}.Release|Any CPU.Build.0 = Release|Any CPU
	EndGlobalSection
	GlobalSection(SolutionProperties) = preSolution
		HideSolutionNode = FALSE
	EndGlobalSection
	GlobalSection(ExtensibilityGlobals) = postSolution
		SolutionGuid = {7FFF69A2-E117-4916-8632-DA9C53841FD9}
	EndGlobalSection
EndGlobal
